
Microsoft Visual Studio Solution File, Format Version 12.00
# Visual Studio Version 16
VisualStudioVersion = 16.0.30413.136
MinimumVisualStudioVersion = 10.0.40219.1
Project("{FAE04EC0-301F-11D3-BF4B-00C04F79EFBC}") = "PalmisanoPromocion", "PalmisanoPromocion\PalmisanoPromocion.csproj", "{32BEBB14-86AF-44EA-ADD6-030ED46B55C8}"
EndProject
Global
	GlobalSection(SolutionConfigurationPlatforms) = preSolution
		Debug|Any CPU = Debug|Any CPU
		Release|Any CPU = Release|Any CPU
	EndGlobalSection
	GlobalSection(ProjectConfigurationPlatforms) = postSolution
		{32BEBB14-86AF-44EA-ADD6-030ED46B55C8}.Debug|Any CPU.ActiveCfg = Debug|Any CPU
		{32BEBB14-86AF-44EA-ADD6-030ED46B55C8}.Debug|Any CPU.Build.0 = Debug|Any CPU
		{32BEBB14-86AF-44EA-ADD6-030ED46B55C8}.Release|Any CPU.ActiveCfg = Release|Any CPU
		{32BEBB14-86AF-44EA-ADD6-030ED46B55C8}.Release|Any CPU.Build.0 = Release|Any CPU
	EndGlobalSection
	GlobalSection(SolutionProperties) = preSolution
		HideSolutionNode = FALSE
	EndGlobalSection
	GlobalSection(ExtensibilityGlobals) = postSolution
		SolutionGuid = {B99B5F6B-72BF-4BA8-ACF5-713D1A7D2865}
	EndGlobalSection
EndGlobal
